
Microsoft Visual Studio Solution File, Format Version 12.00
# Visual Studio Version 16
VisualStudioVersion = 16.0.31410.357
MinimumVisualStudioVersion = 10.0.40219.1
Project("{2150E333-8FDC-42A3-9474-1A3956D46DE8}") = "src", "src", "{4ABF6ED1-53F6-4E86-81EA-6F7057255FDD}"
EndProject
Project("{2150E333-8FDC-42A3-9474-1A3956D46DE8}") = "Presentation", "Presentation", "{77E1F369-EF60-4682-A258-1982869C0398}"
EndProject
Project("{FAE04EC0-301F-11D3-BF4B-00C04F79EFBC}") = "BeanStalkPOC.Api", "BeanStalkPOC\BeanStalkPOC.Api\BeanStalkPOC.Api.csproj", "{6ACAAE08-77CD-47A6-BC5F-5C7293685016}"
EndProject
Project("{2150E333-8FDC-42A3-9474-1A3956D46DE8}") = "Libraries", "Libraries", "{E7280995-BEE4-4330-80AC-3A5F273CC142}"
EndProject
Project("{FAE04EC0-301F-11D3-BF4B-00C04F79EFBC}") = "BeanStalkPOC.Business", "BeanStalkPOC\BeanStalkPOC.Business\BeanStalkPOC.Business.csproj", "{E49A8EC0-00B1-4F6F-8E79-A4B02DFF38A8}"
EndProject
Project("{FAE04EC0-301F-11D3-BF4B-00C04F79EFBC}") = "BeanStalkPOC.Core", "BeanStalkPOC\BeanStalkPOC.Core\BeanStalkPOC.Core.csproj", "{9A5EC992-A74B-4F7A-A5AD-EC37A716011E}"
EndProject
Project("{FAE04EC0-301F-11D3-BF4B-00C04F79EFBC}") = "BeanStalkPOC.Data", "BeanStalkPOC\BeanStalkPOC.Data\BeanStalkPOC.Data.csproj", "{C88B7FFB-167C-47AD-B9FA-BC579773818E}"
EndProject
Project("{FAE04EC0-301F-11D3-BF4B-00C04F79EFBC}") = "BeanStalkPOC.Utility", "BeanStalkPOC\BeanStalkPOC.Utility\BeanStalkPOC.Utility.csproj", "{BC0EBA05-68FE-44A4-94B1-EC880A5D91C6}"
EndProject
Project("{2150E333-8FDC-42A3-9474-1A3956D46DE8}") = "test", "test", "{4114CABF-1C5D-4D05-AC92-48B67A0D5803}"
EndProject
Project("{FAE04EC0-301F-11D3-BF4B-00C04F79EFBC}") = "BeanStalkPOC.Business_Test", "BeanStalkPOC\BeanStalkPOC.Business_Test\BeanStalkPOC.Business_Test.csproj", "{1C297B89-752B-4592-8732-941945E911E1}"
EndProject
Global
	GlobalSection(SolutionConfigurationPlatforms) = preSolution
		Debug|Any CPU = Debug|Any CPU
		Release|Any CPU = Release|Any CPU
	EndGlobalSection
	GlobalSection(ProjectConfigurationPlatforms) = postSolution
		{6ACAAE08-77CD-47A6-BC5F-5C7293685016}.Debug|Any CPU.ActiveCfg = Debug|Any CPU
		{6ACAAE08-77CD-47A6-BC5F-5C7293685016}.Debug|Any CPU.Build.0 = Debug|Any CPU
		{6ACAAE08-77CD-47A6-BC5F-5C7293685016}.Release|Any CPU.ActiveCfg = Release|Any CPU
		{6ACAAE08-77CD-47A6-BC5F-5C7293685016}.Release|Any CPU.Build.0 = Release|Any CPU
		{E49A8EC0-00B1-4F6F-8E79-A4B02DFF38A8}.Debug|Any CPU.ActiveCfg = Debug|Any CPU
		{E49A8EC0-00B1-4F6F-8E79-A4B02DFF38A8}.Debug|Any CPU.Build.0 = Debug|Any CPU
		{E49A8EC0-00B1-4F6F-8E79-A4B02DFF38A8}.Release|Any CPU.ActiveCfg = Release|Any CPU
		{E49A8EC0-00B1-4F6F-8E79-A4B02DFF38A8}.Release|Any CPU.Build.0 = Release|Any CPU
		{9A5EC992-A74B-4F7A-A5AD-EC37A716011E}.Debug|Any CPU.ActiveCfg = Debug|Any CPU
		{9A5EC992-A74B-4F7A-A5AD-EC37A716011E}.Debug|Any CPU.Build.0 = Debug|Any CPU
		{9A5EC992-A74B-4F7A-A5AD-EC37A716011E}.Release|Any CPU.ActiveCfg = Release|Any CPU
		{9A5EC992-A74B-4F7A-A5AD-EC37A716011E}.Release|Any CPU.Build.0 = Release|Any CPU
		{C88B7FFB-167C-47AD-B9FA-BC579773818E}.Debug|Any CPU.ActiveCfg = Debug|Any CPU
		{C88B7FFB-167C-47AD-B9FA-BC579773818E}.Debug|Any CPU.Build.0 = Debug|Any CPU
		{C88B7FFB-167C-47AD-B9FA-BC579773818E}.Release|Any CPU.ActiveCfg = Release|Any CPU
		{C88B7FFB-167C-47AD-B9FA-BC579773818E}.Release|Any CPU.Build.0 = Release|Any CPU
		{BC0EBA05-68FE-44A4-94B1-EC880A5D91C6}.Debug|Any CPU.ActiveCfg = Debug|Any CPU
		{BC0EBA05-68FE-44A4-94B1-EC880A5D91C6}.Debug|Any CPU.Build.0 = Debug|Any CPU
		{BC0EBA05-68FE-44A4-94B1-EC880A5D91C6}.Release|Any CPU.ActiveCfg = Release|Any CPU
		{BC0EBA05-68FE-44A4-94B1-EC880A5D91C6}.Release|Any CPU.Build.0 = Release|Any CPU
		{1C297B89-752B-4592-8732-941945E911E1}.Debug|Any CPU.ActiveCfg = Debug|Any CPU
		{1C297B89-752B-4592-8732-941945E911E1}.Debug|Any CPU.Build.0 = Debug|Any CPU
		{1C297B89-752B-4592-8732-941945E911E1}.Release|Any CPU.ActiveCfg = Release|Any CPU
		{1C297B89-752B-4592-8732-941945E911E1}.Release|Any CPU.Build.0 = Release|Any CPU
	EndGlobalSection
	GlobalSection(SolutionProperties) = preSolution
		HideSolutionNode = FALSE
	EndGlobalSection
	GlobalSection(NestedProjects) = preSolution
		{77E1F369-EF60-4682-A258-1982869C0398} = {4ABF6ED1-53F6-4E86-81EA-6F7057255FDD}
		{6ACAAE08-77CD-47A6-BC5F-5C7293685016} = {77E1F369-EF60-4682-A258-1982869C0398}
		{E7280995-BEE4-4330-80AC-3A5F273CC142} = {4ABF6ED1-53F6-4E86-81EA-6F7057255FDD}
		{E49A8EC0-00B1-4F6F-8E79-A4B02DFF38A8} = {E7280995-BEE4-4330-80AC-3A5F273CC142}
		{9A5EC992-A74B-4F7A-A5AD-EC37A716011E} = {E7280995-BEE4-4330-80AC-3A5F273CC142}
		{C88B7FFB-167C-47AD-B9FA-BC579773818E} = {E7280995-BEE4-4330-80AC-3A5F273CC142}
		{BC0EBA05-68FE-44A4-94B1-EC880A5D91C6} = {E7280995-BEE4-4330-80AC-3A5F273CC142}
		{1C297B89-752B-4592-8732-941945E911E1} = {4114CABF-1C5D-4D05-AC92-48B67A0D5803}
	EndGlobalSection
	GlobalSection(ExtensibilityGlobals) = postSolution
		SolutionGuid = {7C3BD121-31F1-417C-BDD5-06DDF701C87B}
	EndGlobalSection
EndGlobal
